// !$*UTF8*$!
{
	archiveVersion = 1;
	classes = {
	};
	objectVersion = 50;
	objects = {

/* Begin PBXBuildFile section */
		287AEE6E23191EE70095E437 /* AppDelegate.swift in Sources */ = {isa = PBXBuildFile; fileRef = 287AEE6D23191EE70095E437 /* AppDelegate.swift */; };
		287AEE7023191EE70095E437 /* ViewController.swift in Sources */ = {isa = PBXBuildFile; fileRef = 287AEE6F23191EE70095E437 /* ViewController.swift */; };
		287AEE7323191EE70095E437 /* Main.storyboard in Resources */ = {isa = PBXBuildFile; fileRef = 287AEE7123191EE70095E437 /* Main.storyboard */; };
		287AEE7523191EE80095E437 /* Assets.xcassets in Resources */ = {isa = PBXBuildFile; fileRef = 287AEE7423191EE80095E437 /* Assets.xcassets */; };
		287AEE7823191EE80095E437 /* LaunchScreen.storyboard in Resources */ = {isa = PBXBuildFile; fileRef = 287AEE7623191EE80095E437 /* LaunchScreen.storyboard */; };
		287AEE8223195A650095E437 /* launchVCViewController.swift in Sources */ = {isa = PBXBuildFile; fileRef = 287AEE8123195A650095E437 /* launchVCViewController.swift */; };
		287AEE8423195F130095E437 /* CustomTabBarController.swift in Sources */ = {isa = PBXBuildFile; fileRef = 287AEE8323195F130095E437 /* CustomTabBarController.swift */; };
		CB73A8CE231922160037915E /* Networking.swift in Sources */ = {isa = PBXBuildFile; fileRef = CB73A8CD231922160037915E /* Networking.swift */; };
		CB73A8D1231927960037915E /* URLSession+Additions.swift in Sources */ = {isa = PBXBuildFile; fileRef = CB73A8D0231927960037915E /* URLSession+Additions.swift */; };
		CB73A8D52319296F0037915E /* Device.swift in Sources */ = {isa = PBXBuildFile; fileRef = CB73A8D42319296F0037915E /* Device.swift */; };
		CBA9A642231957AD0090A4DC /* ControlsViewController.swift in Sources */ = {isa = PBXBuildFile; fileRef = CBA9A641231957AD0090A4DC /* ControlsViewController.swift */; };
		FBE4128E4CD59AD65E4A0244 /* libPods-GreenR.a in Frameworks */ = {isa = PBXBuildFile; fileRef = D9BEB79EB3996C0CD39932E7 /* libPods-GreenR.a */; };
/* End PBXBuildFile section */

/* Begin PBXFileReference section */
		287AEE6A23191EE70095E437 /* GreenR.app */ = {isa = PBXFileReference; explicitFileType = wrapper.application; includeInIndex = 0; path = GreenR.app; sourceTree = BUILT_PRODUCTS_DIR; };
		287AEE6D23191EE70095E437 /* AppDelegate.swift */ = {isa = PBXFileReference; lastKnownFileType = sourcecode.swift; path = AppDelegate.swift; sourceTree = "<group>"; };
		287AEE6F23191EE70095E437 /* ViewController.swift */ = {isa = PBXFileReference; lastKnownFileType = sourcecode.swift; path = ViewController.swift; sourceTree = "<group>"; };
		287AEE7223191EE70095E437 /* Base */ = {isa = PBXFileReference; lastKnownFileType = file.storyboard; name = Base; path = Base.lproj/Main.storyboard; sourceTree = "<group>"; };
		287AEE7423191EE80095E437 /* Assets.xcassets */ = {isa = PBXFileReference; lastKnownFileType = folder.assetcatalog; path = Assets.xcassets; sourceTree = "<group>"; };
		287AEE7723191EE80095E437 /* Base */ = {isa = PBXFileReference; lastKnownFileType = file.storyboard; name = Base; path = Base.lproj/LaunchScreen.storyboard; sourceTree = "<group>"; };
		287AEE7923191EE80095E437 /* Info.plist */ = {isa = PBXFileReference; lastKnownFileType = text.plist.xml; path = Info.plist; sourceTree = "<group>"; };
		287AEE8123195A650095E437 /* launchVCViewController.swift */ = {isa = PBXFileReference; fileEncoding = 4; lastKnownFileType = sourcecode.swift; path = launchVCViewController.swift; sourceTree = "<group>"; };
		287AEE8323195F130095E437 /* CustomTabBarController.swift */ = {isa = PBXFileReference; lastKnownFileType = sourcecode.swift; path = CustomTabBarController.swift; sourceTree = "<group>"; };
		7999E6D8EE57E8F39C361CAA /* Pods-GreenR.release.xcconfig */ = {isa = PBXFileReference; includeInIndex = 1; lastKnownFileType = text.xcconfig; name = "Pods-GreenR.release.xcconfig"; path = "Target Support Files/Pods-GreenR/Pods-GreenR.release.xcconfig"; sourceTree = "<group>"; };
		CB73A8CD231922160037915E /* Networking.swift */ = {isa = PBXFileReference; lastKnownFileType = sourcecode.swift; path = Networking.swift; sourceTree = "<group>"; };
		CB73A8D0231927960037915E /* URLSession+Additions.swift */ = {isa = PBXFileReference; fileEncoding = 4; lastKnownFileType = sourcecode.swift; path = "URLSession+Additions.swift"; sourceTree = "<group>"; };
		CB73A8D42319296F0037915E /* Device.swift */ = {isa = PBXFileReference; lastKnownFileType = sourcecode.swift; path = Device.swift; sourceTree = "<group>"; };
		CBA9A641231957AD0090A4DC /* ControlsViewController.swift */ = {isa = PBXFileReference; lastKnownFileType = sourcecode.swift; path = ControlsViewController.swift; sourceTree = "<group>"; };
		D9BEB79EB3996C0CD39932E7 /* libPods-GreenR.a */ = {isa = PBXFileReference; explicitFileType = archive.ar; includeInIndex = 0; path = "libPods-GreenR.a"; sourceTree = BUILT_PRODUCTS_DIR; };
		F80C441EB4A1ADFADBAF0502 /* Pods-GreenR.debug.xcconfig */ = {isa = PBXFileReference; includeInIndex = 1; lastKnownFileType = text.xcconfig; name = "Pods-GreenR.debug.xcconfig"; path = "Target Support Files/Pods-GreenR/Pods-GreenR.debug.xcconfig"; sourceTree = "<group>"; };
/* End PBXFileReference section */

/* Begin PBXFrameworksBuildPhase section */
		287AEE6723191EE70095E437 /* Frameworks */ = {
			isa = PBXFrameworksBuildPhase;
			buildActionMask = 2147483647;
			files = (
				FBE4128E4CD59AD65E4A0244 /* libPods-GreenR.a in Frameworks */,
			);
			runOnlyForDeploymentPostprocessing = 0;
		};
/* End PBXFrameworksBuildPhase section */

/* Begin PBXGroup section */
		10F558A3F56342C517F9BD04 /* Frameworks */ = {
			isa = PBXGroup;
			children = (
				D9BEB79EB3996C0CD39932E7 /* libPods-GreenR.a */,
			);
			name = Frameworks;
			sourceTree = "<group>";
		};
		287AEE6123191EE70095E437 = {
			isa = PBXGroup;
			children = (
				287AEE6C23191EE70095E437 /* GreenR */,
				287AEE6B23191EE70095E437 /* Products */,
				FD1B0AA0DC79FC2AE31CA279 /* Pods */,
				10F558A3F56342C517F9BD04 /* Frameworks */,
			);
			sourceTree = "<group>";
		};
		287AEE6B23191EE70095E437 /* Products */ = {
			isa = PBXGroup;
			children = (
				287AEE6A23191EE70095E437 /* GreenR.app */,
			);
			name = Products;
			sourceTree = "<group>";
		};
		287AEE6C23191EE70095E437 /* GreenR */ = {
			isa = PBXGroup;
			children = (
				287AEE6D23191EE70095E437 /* AppDelegate.swift */,
				287AEE6F23191EE70095E437 /* ViewController.swift */,
				287AEE8123195A650095E437 /* launchVCViewController.swift */,
				CBA9A641231957AD0090A4DC /* ControlsViewController.swift */,
				287AEE8323195F130095E437 /* CustomTabBarController.swift */,
				CB73A8CF2319278F0037915E /* Networking */,
				287AEE7123191EE70095E437 /* Main.storyboard */,
				287AEE7423191EE80095E437 /* Assets.xcassets */,
				287AEE7623191EE80095E437 /* LaunchScreen.storyboard */,
				287AEE7923191EE80095E437 /* Info.plist */,
			);
			path = GreenR;
			sourceTree = "<group>";
		};
		CB73A8CF2319278F0037915E /* Networking */ = {
			isa = PBXGroup;
			children = (
				CB73A8D0231927960037915E /* URLSession+Additions.swift */,
				CB73A8CD231922160037915E /* Networking.swift */,
				CB73A8D42319296F0037915E /* Device.swift */,
			);
			path = Networking;
			sourceTree = "<group>";
		};
		FD1B0AA0DC79FC2AE31CA279 /* Pods */ = {
			isa = PBXGroup;
			children = (
				F80C441EB4A1ADFADBAF0502 /* Pods-GreenR.debug.xcconfig */,
				7999E6D8EE57E8F39C361CAA /* Pods-GreenR.release.xcconfig */,
			);
			path = Pods;
			sourceTree = "<group>";
		};
/* End PBXGroup section */

/* Begin PBXNativeTarget section */
		287AEE6923191EE70095E437 /* GreenR */ = {
			isa = PBXNativeTarget;
			buildConfigurationList = 287AEE7C23191EE80095E437 /* Build configuration list for PBXNativeTarget "GreenR" */;
			buildPhases = (
				89A73C877DCD9A389C7525D6 /* [CP] Check Pods Manifest.lock */,
				287AEE6623191EE70095E437 /* Sources */,
				287AEE6723191EE70095E437 /* Frameworks */,
				287AEE6823191EE70095E437 /* Resources */,
			);
			buildRules = (
			);
			dependencies = (
			);
			name = GreenR;
			productName = GreenR;
			productReference = 287AEE6A23191EE70095E437 /* GreenR.app */;
			productType = "com.apple.product-type.application";
		};
/* End PBXNativeTarget section */

/* Begin PBXProject section */
		287AEE6223191EE70095E437 /* Project object */ = {
			isa = PBXProject;
			attributes = {
				LastSwiftUpdateCheck = 1020;
				LastUpgradeCheck = 1020;
				ORGANIZATIONNAME = GreenR;
				TargetAttributes = {
					287AEE6923191EE70095E437 = {
						CreatedOnToolsVersion = 10.2.1;
					};
				};
			};
			buildConfigurationList = 287AEE6523191EE70095E437 /* Build configuration list for PBXProject "GreenR" */;
			compatibilityVersion = "Xcode 9.3";
			developmentRegion = en;
			hasScannedForEncodings = 0;
			knownRegions = (
				en,
				Base,
			);
			mainGroup = 287AEE6123191EE70095E437;
			productRefGroup = 287AEE6B23191EE70095E437 /* Products */;
			projectDirPath = "";
			projectRoot = "";
			targets = (
				287AEE6923191EE70095E437 /* GreenR */,
			);
		};
/* End PBXProject section */

/* Begin PBXResourcesBuildPhase section */
		287AEE6823191EE70095E437 /* Resources */ = {
			isa = PBXResourcesBuildPhase;
			buildActionMask = 2147483647;
			files = (
				287AEE7823191EE80095E437 /* LaunchScreen.storyboard in Resources */,
				287AEE7523191EE80095E437 /* Assets.xcassets in Resources */,
				287AEE7323191EE70095E437 /* Main.storyboard in Resources */,
			);
			runOnlyForDeploymentPostprocessing = 0;
		};
/* End PBXResourcesBuildPhase section */

/* Begin PBXShellScriptBuildPhase section */
		89A73C877DCD9A389C7525D6 /* [CP] Check Pods Manifest.lock */ = {
			isa = PBXShellScriptBuildPhase;
			buildActionMask = 2147483647;
			files = (
			);
			inputFileListPaths = (
			);
			inputPaths = (
				"${PODS_PODFILE_DIR_PATH}/Podfile.lock",
				"${PODS_ROOT}/Manifest.lock",
			);
			name = "[CP] Check Pods Manifest.lock";
			outputFileListPaths = (
			);
			outputPaths = (
				"$(DERIVED_FILE_DIR)/Pods-GreenR-checkManifestLockResult.txt",
			);
			runOnlyForDeploymentPostprocessing = 0;
			shellPath = /bin/sh;
			shellScript = "diff \"${PODS_PODFILE_DIR_PATH}/Podfile.lock\" \"${PODS_ROOT}/Manifest.lock\" > /dev/null\nif [ $? != 0 ] ; then\n    # print error to STDERR\n    echo \"error: The sandbox is not in sync with the Podfile.lock. Run 'pod install' or update your CocoaPods installation.\" >&2\n    exit 1\nfi\n# This output is used by Xcode 'outputs' to avoid re-running this script phase.\necho \"SUCCESS\" > \"${SCRIPT_OUTPUT_FILE_0}\"\n";
			showEnvVarsInLog = 0;
		};
/* End PBXShellScriptBuildPhase section */

/* Begin PBXSourcesBuildPhase section */
		287AEE6623191EE70095E437 /* Sources */ = {
			isa = PBXSourcesBuildPhase;
			buildActionMask = 2147483647;
			files = (
				287AEE8223195A650095E437 /* launchVCViewController.swift in Sources */,
				CB73A8CE231922160037915E /* Networking.swift in Sources */,
				287AEE8423195F130095E437 /* CustomTabBarController.swift in Sources */,
				287AEE7023191EE70095E437 /* ViewController.swift in Sources */,
				CBA9A642231957AD0090A4DC /* ControlsViewController.swift in Sources */,
				CB73A8D1231927960037915E /* URLSession+Additions.swift in Sources */,
				CB73A8D52319296F0037915E /* Device.swift in Sources */,
				287AEE6E23191EE70095E437 /* AppDelegate.swift in Sources */,
			);
			runOnlyForDeploymentPostprocessing = 0;
		};
/* End PBXSourcesBuildPhase section */

/* Begin PBXVariantGroup section */
		287AEE7123191EE70095E437 /* Main.storyboard */ = {
			isa = PBXVariantGroup;
			children = (
				287AEE7223191EE70095E437 /* Base */,
			);
			name = Main.storyboard;
			sourceTree = "<group>";
		};
		287AEE7623191EE80095E437 /* LaunchScreen.storyboard */ = {
			isa = PBXVariantGroup;
			children = (
				287AEE7723191EE80095E437 /* Base */,
			);
			name = LaunchScreen.storyboard;
			sourceTree = "<group>";
		};
/* End PBXVariantGroup section */

/* Begin XCBuildConfiguration section */
		287AEE7A23191EE80095E437 /* Debug */ = {
			isa = XCBuildConfiguration;
			buildSettings = {
				ALWAYS_SEARCH_USER_PATHS = NO;
				CLANG_ANALYZER_NONNULL = YES;
				CLANG_ANALYZER_NUMBER_OBJECT_CONVERSION = YES_AGGRESSIVE;
				CLANG_CXX_LANGUAGE_STANDARD = "gnu++14";
				CLANG_CXX_LIBRARY = "libc++";
				CLANG_ENABLE_MODULES = YES;
				CLANG_ENABLE_OBJC_ARC = YES;
				CLANG_ENABLE_OBJC_WEAK = YES;
				CLANG_WARN_BLOCK_CAPTURE_AUTORELEASING = YES;
				CLANG_WARN_BOOL_CONVERSION = YES;
				CLANG_WARN_COMMA = YES;
				CLANG_WARN_CONSTANT_CONVERSION = YES;
				CLANG_WARN_DEPRECATED_OBJC_IMPLEMENTATIONS = YES;
				CLANG_WARN_DIRECT_OBJC_ISA_USAGE = YES_ERROR;
				CLANG_WARN_DOCUMENTATION_COMMENTS = YES;
				CLANG_WARN_EMPTY_BODY = YES;
				CLANG_WARN_ENUM_CONVERSION = YES;
				CLANG_WARN_INFINITE_RECURSION = YES;
				CLANG_WARN_INT_CONVERSION = YES;
				CLANG_WARN_NON_LITERAL_NULL_CONVERSION = YES;
				CLANG_WARN_OBJC_IMPLICIT_RETAIN_SELF = YES;
				CLANG_WARN_OBJC_LITERAL_CONVERSION = YES;
				CLANG_WARN_OBJC_ROOT_CLASS = YES_ERROR;
				CLANG_WARN_RANGE_LOOP_ANALYSIS = YES;
				CLANG_WARN_STRICT_PROTOTYPES = YES;
				CLANG_WARN_SUSPICIOUS_MOVE = YES;
				CLANG_WARN_UNGUARDED_AVAILABILITY = YES_AGGRESSIVE;
				CLANG_WARN_UNREACHABLE_CODE = YES;
				CLANG_WARN__DUPLICATE_METHOD_MATCH = YES;
				CODE_SIGN_IDENTITY = "iPhone Developer";
				COPY_PHASE_STRIP = NO;
				DEBUG_INFORMATION_FORMAT = dwarf;
				ENABLE_STRICT_OBJC_MSGSEND = YES;
				ENABLE_TESTABILITY = YES;
				GCC_C_LANGUAGE_STANDARD = gnu11;
				GCC_DYNAMIC_NO_PIC = NO;
				GCC_NO_COMMON_BLOCKS = YES;
				GCC_OPTIMIZATION_LEVEL = 0;
				GCC_PREPROCESSOR_DEFINITIONS = (
					"DEBUG=1",
					"$(inherited)",
				);
				GCC_WARN_64_TO_32_BIT_CONVERSION = YES;
				GCC_WARN_ABOUT_RETURN_TYPE = YES_ERROR;
				GCC_WARN_UNDECLARED_SELECTOR = YES;
				GCC_WARN_UNINITIALIZED_AUTOS = YES_AGGRESSIVE;
				GCC_WARN_UNUSED_FUNCTION = YES;
				GCC_WARN_UNUSED_VARIABLE = YES;
				IPHONEOS_DEPLOYMENT_TARGET = 12.2;
				MTL_ENABLE_DEBUG_INFO = INCLUDE_SOURCE;
				MTL_FAST_MATH = YES;
				ONLY_ACTIVE_ARCH = YES;
				SDKROOT = iphoneos;
				SWIFT_ACTIVE_COMPILATION_CONDITIONS = DEBUG;
				SWIFT_OPTIMIZATION_LEVEL = "-Onone";
			};
			name = Debug;
		};
		287AEE7B23191EE80095E437 /* Release */ = {
			isa = XCBuildConfiguration;
			buildSettings = {
				ALWAYS_SEARCH_USER_PATHS = NO;
				CLANG_ANALYZER_NONNULL = YES;
				CLANG_ANALYZER_NUMBER_OBJECT_CONVERSION = YES_AGGRESSIVE;
				CLANG_CXX_LANGUAGE_STANDARD = "gnu++14";
				CLANG_CXX_LIBRARY = "libc++";
				CLANG_ENABLE_MODULES = YES;
				CLANG_ENABLE_OBJC_ARC = YES;
				CLANG_ENABLE_OBJC_WEAK = YES;
				CLANG_WARN_BLOCK_CAPTURE_AUTORELEASING = YES;
				CLANG_WARN_BOOL_CONVERSION = YES;
				CLANG_WARN_COMMA = YES;
				CLANG_WARN_CONSTANT_CONVERSION = YES;
				CLANG_WARN_DEPRECATED_OBJC_IMPLEMENTATIONS = YES;
				CLANG_WARN_DIRECT_OBJC_ISA_USAGE = YES_ERROR;
				CLANG_WARN_DOCUMENTATION_COMMENTS = YES;
				CLANG_WARN_EMPTY_BODY = YES;
				CLANG_WARN_ENUM_CONVERSION = YES;
				CLANG_WARN_INFINITE_RECURSION = YES;
				CLANG_WARN_INT_CONVERSION = YES;
				CLANG_WARN_NON_LITERAL_NULL_CONVERSION = YES;
				CLANG_WARN_OBJC_IMPLICIT_RETAIN_SELF = YES;
				CLANG_WARN_OBJC_LITERAL_CONVERSION = YES;
				CLANG_WARN_OBJC_ROOT_CLASS = YES_ERROR;
				CLANG_WARN_RANGE_LOOP_ANALYSIS = YES;
				CLANG_WARN_STRICT_PROTOTYPES = YES;
				CLANG_WARN_SUSPICIOUS_MOVE = YES;
				CLANG_WARN_UNGUARDED_AVAILABILITY = YES_AGGRESSIVE;
				CLANG_WARN_UNREACHABLE_CODE = YES;
				CLANG_WARN__DUPLICATE_METHOD_MATCH = YES;
				CODE_SIGN_IDENTITY = "iPhone Developer";
				COPY_PHASE_STRIP = NO;
				DEBUG_INFORMATION_FORMAT = "dwarf-with-dsym";
				ENABLE_NS_ASSERTIONS = NO;
				ENABLE_STRICT_OBJC_MSGSEND = YES;
				GCC_C_LANGUAGE_STANDARD = gnu11;
				GCC_NO_COMMON_BLOCKS = YES;
				GCC_WARN_64_TO_32_BIT_CONVERSION = YES;
				GCC_WARN_ABOUT_RETURN_TYPE = YES_ERROR;
				GCC_WARN_UNDECLARED_SELECTOR = YES;
				GCC_WARN_UNINITIALIZED_AUTOS = YES_AGGRESSIVE;
				GCC_WARN_UNUSED_FUNCTION = YES;
				GCC_WARN_UNUSED_VARIABLE = YES;
				IPHONEOS_DEPLOYMENT_TARGET = 12.2;
				MTL_ENABLE_DEBUG_INFO = NO;
				MTL_FAST_MATH = YES;
				SDKROOT = iphoneos;
				SWIFT_COMPILATION_MODE = wholemodule;
				SWIFT_OPTIMIZATION_LEVEL = "-O";
				VALIDATE_PRODUCT = YES;
			};
			name = Release;
		};
		287AEE7D23191EE80095E437 /* Debug */ = {
			isa = XCBuildConfiguration;
			baseConfigurationReference = F80C441EB4A1ADFADBAF0502 /* Pods-GreenR.debug.xcconfig */;
			buildSettings = {
				ASSETCATALOG_COMPILER_APPICON_NAME = AppIcon;
				CODE_SIGN_STYLE = Automatic;
				DEVELOPMENT_TEAM = 4UJ3N2TW5U;
				INFOPLIST_FILE = GreenR/Info.plist;
				LD_RUNPATH_SEARCH_PATHS = (
					"$(inherited)",
					"@executable_path/Frameworks",
				);
				PRODUCT_BUNDLE_IDENTIFIER = GreenR.GreenR;
				PRODUCT_NAME = "$(TARGET_NAME)";
				SWIFT_VERSION = 5.0;
				TARGETED_DEVICE_FAMILY = "1,2";
			};
			name = Debug;
		};
		287AEE7E23191EE80095E437 /* Release */ = {
			isa = XCBuildConfiguration;
			baseConfigurationReference = 7999E6D8EE57E8F39C361CAA /* Pods-GreenR.release.xcconfig */;
			buildSettings = {
				ASSETCATALOG_COMPILER_APPICON_NAME = AppIcon;
				CODE_SIGN_STYLE = Automatic;
				DEVELOPMENT_TEAM = 4UJ3N2TW5U;
				INFOPLIST_FILE = GreenR/Info.plist;
				LD_RUNPATH_SEARCH_PATHS = (
					"$(inherited)",
					"@executable_path/Frameworks",
				);
				PRODUCT_BUNDLE_IDENTIFIER = GreenR.GreenR;
				PRODUCT_NAME = "$(TARGET_NAME)";
				SWIFT_VERSION = 5.0;
				TARGETED_DEVICE_FAMILY = "1,2";
			};
			name = Release;
		};
/* End XCBuildConfiguration section */

/* Begin XCConfigurationList section */
		287AEE6523191EE70095E437 /* Build configuration list for PBXProject "GreenR" */ = {
			isa = XCConfigurationList;
			buildConfigurations = (
				287AEE7A23191EE80095E437 /* Debug */,
				287AEE7B23191EE80095E437 /* Release */,
			);
			defaultConfigurationIsVisible = 0;
			defaultConfigurationName = Release;
		};
		287AEE7C23191EE80095E437 /* Build configuration list for PBXNativeTarget "GreenR" */ = {
			isa = XCConfigurationList;
			buildConfigurations = (
				287AEE7D23191EE80095E437 /* Debug */,
				287AEE7E23191EE80095E437 /* Release */,
			);
			defaultConfigurationIsVisible = 0;
			defaultConfigurationName = Release;
		};
/* End XCConfigurationList section */
	};
	rootObject = 287AEE6223191EE70095E437 /* Project object */;
}
